
Microsoft Visual Studio Solution File, Format Version 12.00
# Visual Studio Version 17
VisualStudioVersion = 17.13.35919.96
MinimumVisualStudioVersion = 10.0.40219.1
Project("{FAE04EC0-301F-11D3-BF4B-00C04F79EFBC}") = "JuegoBolillero", "JuegoBolillero\JuegoBolillero.csproj", "{982A9307-45AE-4839-A44B-E7EA933C544E}"
EndProject
Project("{FAE04EC0-301F-11D3-BF4B-00C04F79EFBC}") = "TestProject", "TestProject\TestProject.csproj", "{C5F72D39-CAE5-4C1E-B051-96AB06DEE26C}"
EndProject
Global
	GlobalSection(SolutionConfigurationPlatforms) = preSolution
		Debug|Any CPU = Debug|Any CPU
		Release|Any CPU = Release|Any CPU
	EndGlobalSection
	GlobalSection(ProjectConfigurationPlatforms) = postSolution
		{982A9307-45AE-4839-A44B-E7EA933C544E}.Debug|Any CPU.ActiveCfg = Debug|Any CPU
		{982A9307-45AE-4839-A44B-E7EA933C544E}.Debug|Any CPU.Build.0 = Debug|Any CPU
		{982A9307-45AE-4839-A44B-E7EA933C544E}.Release|Any CPU.ActiveCfg = Release|Any CPU
		{982A9307-45AE-4839-A44B-E7EA933C544E}.Release|Any CPU.Build.0 = Release|Any CPU
		{C5F72D39-CAE5-4C1E-B051-96AB06DEE26C}.Debug|Any CPU.ActiveCfg = Debug|Any CPU
		{C5F72D39-CAE5-4C1E-B051-96AB06DEE26C}.Debug|Any CPU.Build.0 = Debug|Any CPU
		{C5F72D39-CAE5-4C1E-B051-96AB06DEE26C}.Release|Any CPU.ActiveCfg = Release|Any CPU
		{C5F72D39-CAE5-4C1E-B051-96AB06DEE26C}.Release|Any CPU.Build.0 = Release|Any CPU
	EndGlobalSection
	GlobalSection(SolutionProperties) = preSolution
		HideSolutionNode = FALSE
	EndGlobalSection
	GlobalSection(ExtensibilityGlobals) = postSolution
		SolutionGuid = {C9ED7C51-3EFD-4D23-B962-E421FD6E50FB}
	EndGlobalSection
EndGlobal
